
Microsoft Visual Studio Solution File, Format Version 12.00
# Visual Studio Version 16
VisualStudioVersion = 16.0.31025.194
MinimumVisualStudioVersion = 10.0.40219.1
Project("{D2ABAB84-BF74-430A-B69E-9DC6D40DDA17}") = "AntennaDistributionOLAP", "AntennaDistributionOLAP\AntennaDistributionOLAP.dwproj", "{33905B94-8A73-452E-B3A0-DA1E95730B3F}"
EndProject
Global
	GlobalSection(SolutionConfigurationPlatforms) = preSolution
		Development|Default = Development|Default
	EndGlobalSection
	GlobalSection(ProjectConfigurationPlatforms) = postSolution
		{33905B94-8A73-452E-B3A0-DA1E95730B3F}.Development|Default.ActiveCfg = Development
		{33905B94-8A73-452E-B3A0-DA1E95730B3F}.Development|Default.Build.0 = Development
		{33905B94-8A73-452E-B3A0-DA1E95730B3F}.Development|Default.Deploy.0 = Development
	EndGlobalSection
	GlobalSection(SolutionProperties) = preSolution
		HideSolutionNode = FALSE
	EndGlobalSection
	GlobalSection(ExtensibilityGlobals) = postSolution
		SolutionGuid = {1411C392-AD8C-4B6C-B2FA-FEBC49A27A91}
	EndGlobalSection
EndGlobal
